
Microsoft Visual Studio Solution File, Format Version 12.00
# Visual Studio Version 16
VisualStudioVersion = 16.0.30717.126
MinimumVisualStudioVersion = 10.0.40219.1
Project("{FAE04EC0-301F-11D3-BF4B-00C04F79EFBC}") = "AsyncExamples", "AsyncExamples\AsyncExamples.csproj", "{295A5FAE-5BB9-415B-A0DD-8C286C226DC0}"
EndProject
Project("{FAE04EC0-301F-11D3-BF4B-00C04F79EFBC}") = "Async.Test", "Async.Test\Async.Test.csproj", "{45A318A4-9680-462B-8E99-E1017C245839}"
EndProject
Global
	GlobalSection(SolutionConfigurationPlatforms) = preSolution
		Debug|Any CPU = Debug|Any CPU
		Release|Any CPU = Release|Any CPU
	EndGlobalSection
	GlobalSection(ProjectConfigurationPlatforms) = postSolution
		{295A5FAE-5BB9-415B-A0DD-8C286C226DC0}.Debug|Any CPU.ActiveCfg = Debug|Any CPU
		{295A5FAE-5BB9-415B-A0DD-8C286C226DC0}.Debug|Any CPU.Build.0 = Debug|Any CPU
		{295A5FAE-5BB9-415B-A0DD-8C286C226DC0}.Release|Any CPU.ActiveCfg = Release|Any CPU
		{295A5FAE-5BB9-415B-A0DD-8C286C226DC0}.Release|Any CPU.Build.0 = Release|Any CPU
		{45A318A4-9680-462B-8E99-E1017C245839}.Debug|Any CPU.ActiveCfg = Debug|Any CPU
		{45A318A4-9680-462B-8E99-E1017C245839}.Debug|Any CPU.Build.0 = Debug|Any CPU
		{45A318A4-9680-462B-8E99-E1017C245839}.Release|Any CPU.ActiveCfg = Release|Any CPU
		{45A318A4-9680-462B-8E99-E1017C245839}.Release|Any CPU.Build.0 = Release|Any CPU
	EndGlobalSection
	GlobalSection(SolutionProperties) = preSolution
		HideSolutionNode = FALSE
	EndGlobalSection
	GlobalSection(ExtensibilityGlobals) = postSolution
		SolutionGuid = {D656C342-4908-46F3-B6F6-0C26506231E7}
	EndGlobalSection
EndGlobal
